
Microsoft Visual Studio Solution File, Format Version 12.00
# Visual Studio 15
VisualStudioVersion = 15.0.26720.2
MinimumVisualStudioVersion = 10.0.40219.1
Project("{FAE04EC0-301F-11D3-BF4B-00C04F79EFBC}") = "3Generic", "CSharpInDepth\3Generic.csproj", "{656C5CF0-5EF0-4794-8204-5A533CDD8644}"
EndProject
Project("{FAE04EC0-301F-11D3-BF4B-00C04F79EFBC}") = "5Async-1", "5Async\5Async-1.csproj", "{FE8CBF35-4623-455C-876D-A724E5983491}"
EndProject
Project("{2150E333-8FDC-42A3-9474-1A3956D46DE8}") = "5Async", "5Async", "{BA2F795D-EB31-4535-AA1A-BACD00E678B9}"
EndProject
Project("{FAE04EC0-301F-11D3-BF4B-00C04F79EFBC}") = "5Async-2", "5Async-2\5Async-2.csproj", "{176842EE-5BB4-4710-B343-3C17FDCBD81C}"
EndProject
Project("{FAE04EC0-301F-11D3-BF4B-00C04F79EFBC}") = "5Async-3", "5Async-3\5Async-3.csproj", "{7FBA5399-7C57-44F2-8550-782A99E2C6CA}"
EndProject
Project("{FAE04EC0-301F-11D3-BF4B-00C04F79EFBC}") = "5Async-4-Error", "4-Error\5Async-4-Error.csproj", "{2BA22770-1372-46AD-851D-A3B4EED14513}"
EndProject
Project("{FAE04EC0-301F-11D3-BF4B-00C04F79EFBC}") = "5Async-0DelegateAsyncInvoke", "5Async-0DelegateAsyncInvoke\5Async-0DelegateAsyncInvoke.csproj", "{4ED25A5E-E3D3-4D9B-A763-6091972B0E1C}"
EndProject
Project("{2150E333-8FDC-42A3-9474-1A3956D46DE8}") = "3Blocks", "3Blocks", "{0B869860-75F3-4543-8693-C3DE71F28BFC}"
EndProject
Project("{FAE04EC0-301F-11D3-BF4B-00C04F79EFBC}") = "12-MandelbrotSet", "12-MandelbrotSet\12-MandelbrotSet.csproj", "{1BA847AC-87BE-44E3-A6F9-FD00F53CECAF}"
EndProject
Project("{FAE04EC0-301F-11D3-BF4B-00C04F79EFBC}") = "12-Linq", "12Linq\12-Linq.csproj", "{A18D5168-5C9C-430E-B3AF-829DA78F4345}"
EndProject
Project("{2150E333-8FDC-42A3-9474-1A3956D46DE8}") = "2Blocks", "2Blocks", "{02A4E41A-D540-474F-A1B3-34C408FAB3FD}"
EndProject
Project("{FAE04EC0-301F-11D3-BF4B-00C04F79EFBC}") = "5Anonymous", "5Anonymous\5Anonymous.csproj", "{F6472B1F-D6EF-4DD0-A43B-D4BDA52FC442}"
EndProject
Project("{FAE04EC0-301F-11D3-BF4B-00C04F79EFBC}") = "6Yeild", "6Yeild\6Yeild.csproj", "{FAF79985-5590-4192-8817-6A03F5160BA9}"
EndProject
Project("{FAE04EC0-301F-11D3-BF4B-00C04F79EFBC}") = "8Chapter", "8Chapter\8Chapter.csproj", "{425D92A1-CE1C-456A-903C-CC4010078621}"
EndProject
Project("{2150E333-8FDC-42A3-9474-1A3956D46DE8}") = "AfterB", "AfterB", "{7F8F8437-D926-4F04-9BE0-B84BEFC8BE4A}"
EndProject
Project("{FAE04EC0-301F-11D3-BF4B-00C04F79EFBC}") = "CollectionRealizeDemo", "..\CollectionRealizeDemo\CollectionRealizeDemo\CollectionRealizeDemo.csproj", "{F342D5ED-34EB-43E8-801C-E4B870BFA1E3}"
EndProject
Project("{FAE04EC0-301F-11D3-BF4B-00C04F79EFBC}") = "9-Chapter", "..\CollectionRealizeDemo\9-Chapter\9-Chapter.csproj", "{ED7DA4B3-DDC4-4AEA-96E3-4E813117661C}"
EndProject
Project("{2150E333-8FDC-42A3-9474-1A3956D46DE8}") = "4Blocks", "4Blocks", "{8697BDF6-D2A4-4600-9877-3E174972D317}"
EndProject
Project("{FAE04EC0-301F-11D3-BF4B-00C04F79EFBC}") = "14-Chapter", "..\CollectionRealizeDemo\14-Chapter\14-Chapter.csproj", "{0B0F0E46-A067-400E-983B-E1BCE041A19A}"
EndProject
Project("{FAE04EC0-301F-11D3-BF4B-00C04F79EFBC}") = "11-Chapter", "..\CollectionRealizeDemo\11-Chapter\11-Chapter.csproj", "{D49575F2-FE57-4185-9886-F41606C8DD18}"
EndProject
Global
	GlobalSection(SolutionConfigurationPlatforms) = preSolution
		Debug|Any CPU = Debug|Any CPU
		Release|Any CPU = Release|Any CPU
	EndGlobalSection
	GlobalSection(ProjectConfigurationPlatforms) = postSolution
		{656C5CF0-5EF0-4794-8204-5A533CDD8644}.Debug|Any CPU.ActiveCfg = Debug|Any CPU
		{656C5CF0-5EF0-4794-8204-5A533CDD8644}.Debug|Any CPU.Build.0 = Debug|Any CPU
		{656C5CF0-5EF0-4794-8204-5A533CDD8644}.Release|Any CPU.ActiveCfg = Release|Any CPU
		{656C5CF0-5EF0-4794-8204-5A533CDD8644}.Release|Any CPU.Build.0 = Release|Any CPU
		{FE8CBF35-4623-455C-876D-A724E5983491}.Debug|Any CPU.ActiveCfg = Debug|Any CPU
		{FE8CBF35-4623-455C-876D-A724E5983491}.Debug|Any CPU.Build.0 = Debug|Any CPU
		{FE8CBF35-4623-455C-876D-A724E5983491}.Release|Any CPU.ActiveCfg = Release|Any CPU
		{FE8CBF35-4623-455C-876D-A724E5983491}.Release|Any CPU.Build.0 = Release|Any CPU
		{176842EE-5BB4-4710-B343-3C17FDCBD81C}.Debug|Any CPU.ActiveCfg = Debug|Any CPU
		{176842EE-5BB4-4710-B343-3C17FDCBD81C}.Debug|Any CPU.Build.0 = Debug|Any CPU
		{176842EE-5BB4-4710-B343-3C17FDCBD81C}.Release|Any CPU.ActiveCfg = Release|Any CPU
		{176842EE-5BB4-4710-B343-3C17FDCBD81C}.Release|Any CPU.Build.0 = Release|Any CPU
		{7FBA5399-7C57-44F2-8550-782A99E2C6CA}.Debug|Any CPU.ActiveCfg = Debug|Any CPU
		{7FBA5399-7C57-44F2-8550-782A99E2C6CA}.Debug|Any CPU.Build.0 = Debug|Any CPU
		{7FBA5399-7C57-44F2-8550-782A99E2C6CA}.Release|Any CPU.ActiveCfg = Release|Any CPU
		{7FBA5399-7C57-44F2-8550-782A99E2C6CA}.Release|Any CPU.Build.0 = Release|Any CPU
		{2BA22770-1372-46AD-851D-A3B4EED14513}.Debug|Any CPU.ActiveCfg = Debug|Any CPU
		{2BA22770-1372-46AD-851D-A3B4EED14513}.Debug|Any CPU.Build.0 = Debug|Any CPU
		{2BA22770-1372-46AD-851D-A3B4EED14513}.Release|Any CPU.ActiveCfg = Release|Any CPU
		{2BA22770-1372-46AD-851D-A3B4EED14513}.Release|Any CPU.Build.0 = Release|Any CPU
		{4ED25A5E-E3D3-4D9B-A763-6091972B0E1C}.Debug|Any CPU.ActiveCfg = Debug|Any CPU
		{4ED25A5E-E3D3-4D9B-A763-6091972B0E1C}.Debug|Any CPU.Build.0 = Debug|Any CPU
		{4ED25A5E-E3D3-4D9B-A763-6091972B0E1C}.Release|Any CPU.ActiveCfg = Release|Any CPU
		{4ED25A5E-E3D3-4D9B-A763-6091972B0E1C}.Release|Any CPU.Build.0 = Release|Any CPU
		{1BA847AC-87BE-44E3-A6F9-FD00F53CECAF}.Debug|Any CPU.ActiveCfg = Debug|Any CPU
		{1BA847AC-87BE-44E3-A6F9-FD00F53CECAF}.Debug|Any CPU.Build.0 = Debug|Any CPU
		{1BA847AC-87BE-44E3-A6F9-FD00F53CECAF}.Release|Any CPU.ActiveCfg = Release|Any CPU
		{1BA847AC-87BE-44E3-A6F9-FD00F53CECAF}.Release|Any CPU.Build.0 = Release|Any CPU
		{A18D5168-5C9C-430E-B3AF-829DA78F4345}.Debug|Any CPU.ActiveCfg = Debug|Any CPU
		{A18D5168-5C9C-430E-B3AF-829DA78F4345}.Debug|Any CPU.Build.0 = Debug|Any CPU
		{A18D5168-5C9C-430E-B3AF-829DA78F4345}.Release|Any CPU.ActiveCfg = Release|Any CPU
		{A18D5168-5C9C-430E-B3AF-829DA78F4345}.Release|Any CPU.Build.0 = Release|Any CPU
		{F6472B1F-D6EF-4DD0-A43B-D4BDA52FC442}.Debug|Any CPU.ActiveCfg = Debug|Any CPU
		{F6472B1F-D6EF-4DD0-A43B-D4BDA52FC442}.Debug|Any CPU.Build.0 = Debug|Any CPU
		{F6472B1F-D6EF-4DD0-A43B-D4BDA52FC442}.Release|Any CPU.ActiveCfg = Release|Any CPU
		{F6472B1F-D6EF-4DD0-A43B-D4BDA52FC442}.Release|Any CPU.Build.0 = Release|Any CPU
		{FAF79985-5590-4192-8817-6A03F5160BA9}.Debug|Any CPU.ActiveCfg = Debug|Any CPU
		{FAF79985-5590-4192-8817-6A03F5160BA9}.Debug|Any CPU.Build.0 = Debug|Any CPU
		{FAF79985-5590-4192-8817-6A03F5160BA9}.Release|Any CPU.ActiveCfg = Release|Any CPU
		{FAF79985-5590-4192-8817-6A03F5160BA9}.Release|Any CPU.Build.0 = Release|Any CPU
		{425D92A1-CE1C-456A-903C-CC4010078621}.Debug|Any CPU.ActiveCfg = Debug|Any CPU
		{425D92A1-CE1C-456A-903C-CC4010078621}.Debug|Any CPU.Build.0 = Debug|Any CPU
		{425D92A1-CE1C-456A-903C-CC4010078621}.Release|Any CPU.ActiveCfg = Release|Any CPU
		{425D92A1-CE1C-456A-903C-CC4010078621}.Release|Any CPU.Build.0 = Release|Any CPU
		{F342D5ED-34EB-43E8-801C-E4B870BFA1E3}.Debug|Any CPU.ActiveCfg = Debug|Any CPU
		{F342D5ED-34EB-43E8-801C-E4B870BFA1E3}.Debug|Any CPU.Build.0 = Debug|Any CPU
		{F342D5ED-34EB-43E8-801C-E4B870BFA1E3}.Release|Any CPU.ActiveCfg = Release|Any CPU
		{F342D5ED-34EB-43E8-801C-E4B870BFA1E3}.Release|Any CPU.Build.0 = Release|Any CPU
		{ED7DA4B3-DDC4-4AEA-96E3-4E813117661C}.Debug|Any CPU.ActiveCfg = Debug|Any CPU
		{ED7DA4B3-DDC4-4AEA-96E3-4E813117661C}.Debug|Any CPU.Build.0 = Debug|Any CPU
		{ED7DA4B3-DDC4-4AEA-96E3-4E813117661C}.Release|Any CPU.ActiveCfg = Release|Any CPU
		{ED7DA4B3-DDC4-4AEA-96E3-4E813117661C}.Release|Any CPU.Build.0 = Release|Any CPU
		{0B0F0E46-A067-400E-983B-E1BCE041A19A}.Debug|Any CPU.ActiveCfg = Debug|Any CPU
		{0B0F0E46-A067-400E-983B-E1BCE041A19A}.Debug|Any CPU.Build.0 = Debug|Any CPU
		{0B0F0E46-A067-400E-983B-E1BCE041A19A}.Release|Any CPU.ActiveCfg = Release|Any CPU
		{0B0F0E46-A067-400E-983B-E1BCE041A19A}.Release|Any CPU.Build.0 = Release|Any CPU
		{D49575F2-FE57-4185-9886-F41606C8DD18}.Debug|Any CPU.ActiveCfg = Debug|Any CPU
		{D49575F2-FE57-4185-9886-F41606C8DD18}.Debug|Any CPU.Build.0 = Debug|Any CPU
		{D49575F2-FE57-4185-9886-F41606C8DD18}.Release|Any CPU.ActiveCfg = Release|Any CPU
		{D49575F2-FE57-4185-9886-F41606C8DD18}.Release|Any CPU.Build.0 = Release|Any CPU
	EndGlobalSection
	GlobalSection(SolutionProperties) = preSolution
		HideSolutionNode = FALSE
	EndGlobalSection
	GlobalSection(NestedProjects) = preSolution
		{656C5CF0-5EF0-4794-8204-5A533CDD8644} = {02A4E41A-D540-474F-A1B3-34C408FAB3FD}
		{FE8CBF35-4623-455C-876D-A724E5983491} = {BA2F795D-EB31-4535-AA1A-BACD00E678B9}
		{176842EE-5BB4-4710-B343-3C17FDCBD81C} = {BA2F795D-EB31-4535-AA1A-BACD00E678B9}
		{7FBA5399-7C57-44F2-8550-782A99E2C6CA} = {BA2F795D-EB31-4535-AA1A-BACD00E678B9}
		{2BA22770-1372-46AD-851D-A3B4EED14513} = {BA2F795D-EB31-4535-AA1A-BACD00E678B9}
		{4ED25A5E-E3D3-4D9B-A763-6091972B0E1C} = {BA2F795D-EB31-4535-AA1A-BACD00E678B9}
		{1BA847AC-87BE-44E3-A6F9-FD00F53CECAF} = {0B869860-75F3-4543-8693-C3DE71F28BFC}
		{A18D5168-5C9C-430E-B3AF-829DA78F4345} = {0B869860-75F3-4543-8693-C3DE71F28BFC}
		{F6472B1F-D6EF-4DD0-A43B-D4BDA52FC442} = {02A4E41A-D540-474F-A1B3-34C408FAB3FD}
		{FAF79985-5590-4192-8817-6A03F5160BA9} = {02A4E41A-D540-474F-A1B3-34C408FAB3FD}
		{425D92A1-CE1C-456A-903C-CC4010078621} = {02A4E41A-D540-474F-A1B3-34C408FAB3FD}
		{F342D5ED-34EB-43E8-801C-E4B870BFA1E3} = {7F8F8437-D926-4F04-9BE0-B84BEFC8BE4A}
		{ED7DA4B3-DDC4-4AEA-96E3-4E813117661C} = {0B869860-75F3-4543-8693-C3DE71F28BFC}
		{0B0F0E46-A067-400E-983B-E1BCE041A19A} = {8697BDF6-D2A4-4600-9877-3E174972D317}
		{D49575F2-FE57-4185-9886-F41606C8DD18} = {0B869860-75F3-4543-8693-C3DE71F28BFC}
	EndGlobalSection
	GlobalSection(ExtensibilityGlobals) = postSolution
		SolutionGuid = {289A5E04-A852-4600-BB16-5400E12F4D85}
	EndGlobalSection
EndGlobal
